
Microsoft Visual Studio Solution File, Format Version 12.00
# Visual Studio 15
Project("{FAE04EC0-301F-11D3-BF4B-00C04F79EFBC}") = "Minuto.Domain", "Minuto.Domain\Minuto.Domain.csproj", "{AA31A4EF-7E74-40E5-AA0C-9E2AD95C7C68}"
EndProject
Project("{FAE04EC0-301F-11D3-BF4B-00C04F79EFBC}") = "Minuto.Data", "Minuto.Data\Minuto.Data.csproj", "{5495C95F-CECD-496B-9383-113FC1E3D0DD}"
EndProject
Project("{2150E333-8FDC-42A3-9474-1A3956D46DE8}") = "Backend", "Backend", "{3C546F69-778C-4128-8464-E3703F8F5F89}"
EndProject
Project("{2150E333-8FDC-42A3-9474-1A3956D46DE8}") = "1 - Presentations", "1 - Presentations", "{1C602687-FFDF-44EA-A9A8-A44CCF193E1B}"
EndProject
Project("{2150E333-8FDC-42A3-9474-1A3956D46DE8}") = "Tests", "Tests", "{C8B35064-1961-44A9-AFD2-DC8EA3ACB009}"
EndProject
Project("{FAE04EC0-301F-11D3-BF4B-00C04F79EFBC}") = "Minuto.UnitTests", "Minuto.UnitTests\Minuto.UnitTests.csproj", "{F6254342-9A47-4EEF-A675-205D5B4EE0F4}"
EndProject
Project("{FAE04EC0-301F-11D3-BF4B-00C04F79EFBC}") = "Minuto.ConsoleTest", "Minuto.ConsoleTest\Minuto.ConsoleTest.csproj", "{1BF7EB0B-C598-411B-9A94-E6B5E3A2F620}"
EndProject
Project("{FAE04EC0-301F-11D3-BF4B-00C04F79EFBC}") = "Minuto.Infra.CrossCutting", "Minuto.Infra.CrossCutting\Minuto.Infra.CrossCutting.csproj", "{082BC890-CDF8-435A-89FE-ABC077E00AD6}"
EndProject
Project("{FAE04EC0-301F-11D3-BF4B-00C04F79EFBC}") = "Minuto.Angular.Api", "Minuto.Angular.Api\Minuto.Angular.Api.csproj", "{54DC2006-9F3C-4967-86D0-F01B46AB5CE3}"
EndProject
Global
	GlobalSection(SolutionConfigurationPlatforms) = preSolution
		Debug|Any CPU = Debug|Any CPU
		Release|Any CPU = Release|Any CPU
	EndGlobalSection
	GlobalSection(ProjectConfigurationPlatforms) = postSolution
		{AA31A4EF-7E74-40E5-AA0C-9E2AD95C7C68}.Debug|Any CPU.ActiveCfg = Debug|Any CPU
		{AA31A4EF-7E74-40E5-AA0C-9E2AD95C7C68}.Debug|Any CPU.Build.0 = Debug|Any CPU
		{AA31A4EF-7E74-40E5-AA0C-9E2AD95C7C68}.Release|Any CPU.ActiveCfg = Release|Any CPU
		{AA31A4EF-7E74-40E5-AA0C-9E2AD95C7C68}.Release|Any CPU.Build.0 = Release|Any CPU
		{5495C95F-CECD-496B-9383-113FC1E3D0DD}.Debug|Any CPU.ActiveCfg = Debug|Any CPU
		{5495C95F-CECD-496B-9383-113FC1E3D0DD}.Debug|Any CPU.Build.0 = Debug|Any CPU
		{5495C95F-CECD-496B-9383-113FC1E3D0DD}.Release|Any CPU.ActiveCfg = Release|Any CPU
		{5495C95F-CECD-496B-9383-113FC1E3D0DD}.Release|Any CPU.Build.0 = Release|Any CPU
		{F6254342-9A47-4EEF-A675-205D5B4EE0F4}.Debug|Any CPU.ActiveCfg = Debug|Any CPU
		{F6254342-9A47-4EEF-A675-205D5B4EE0F4}.Debug|Any CPU.Build.0 = Debug|Any CPU
		{F6254342-9A47-4EEF-A675-205D5B4EE0F4}.Release|Any CPU.ActiveCfg = Release|Any CPU
		{F6254342-9A47-4EEF-A675-205D5B4EE0F4}.Release|Any CPU.Build.0 = Release|Any CPU
		{1BF7EB0B-C598-411B-9A94-E6B5E3A2F620}.Debug|Any CPU.ActiveCfg = Debug|Any CPU
		{1BF7EB0B-C598-411B-9A94-E6B5E3A2F620}.Debug|Any CPU.Build.0 = Debug|Any CPU
		{1BF7EB0B-C598-411B-9A94-E6B5E3A2F620}.Release|Any CPU.ActiveCfg = Release|Any CPU
		{1BF7EB0B-C598-411B-9A94-E6B5E3A2F620}.Release|Any CPU.Build.0 = Release|Any CPU
		{082BC890-CDF8-435A-89FE-ABC077E00AD6}.Debug|Any CPU.ActiveCfg = Debug|Any CPU
		{082BC890-CDF8-435A-89FE-ABC077E00AD6}.Debug|Any CPU.Build.0 = Debug|Any CPU
		{082BC890-CDF8-435A-89FE-ABC077E00AD6}.Release|Any CPU.ActiveCfg = Release|Any CPU
		{082BC890-CDF8-435A-89FE-ABC077E00AD6}.Release|Any CPU.Build.0 = Release|Any CPU
		{54DC2006-9F3C-4967-86D0-F01B46AB5CE3}.Debug|Any CPU.ActiveCfg = Debug|Any CPU
		{54DC2006-9F3C-4967-86D0-F01B46AB5CE3}.Debug|Any CPU.Build.0 = Debug|Any CPU
		{54DC2006-9F3C-4967-86D0-F01B46AB5CE3}.Release|Any CPU.ActiveCfg = Release|Any CPU
		{54DC2006-9F3C-4967-86D0-F01B46AB5CE3}.Release|Any CPU.Build.0 = Release|Any CPU
	EndGlobalSection
	GlobalSection(NestedProjects) = preSolution
		{5495C95F-CECD-496B-9383-113FC1E3D0DD} = {3C546F69-778C-4128-8464-E3703F8F5F89}
		{AA31A4EF-7E74-40E5-AA0C-9E2AD95C7C68} = {3C546F69-778C-4128-8464-E3703F8F5F89}
		{F6254342-9A47-4EEF-A675-205D5B4EE0F4} = {C8B35064-1961-44A9-AFD2-DC8EA3ACB009}
		{1BF7EB0B-C598-411B-9A94-E6B5E3A2F620} = {1C602687-FFDF-44EA-A9A8-A44CCF193E1B}
		{082BC890-CDF8-435A-89FE-ABC077E00AD6} = {3C546F69-778C-4128-8464-E3703F8F5F89}
		{54DC2006-9F3C-4967-86D0-F01B46AB5CE3} = {1C602687-FFDF-44EA-A9A8-A44CCF193E1B}
	EndGlobalSection
EndGlobal
